# This file is automatically @generated by Poetry 1.8.3 and should not be changed by hand.

[[package]]
name = "click"
version = "8.1.7"
description = "Composable command line interface toolkit"
optional = false
python-versions = ">=3.7"
files = [
    {file = "click-8.1.7-py3-none-any.whl", hash = "sha256:ae74fb96c20a0277a1d615f1e4d73c8414f5a98db8b799a7931d1582f3390c28"},
    {file = "click-8.1.7.tar.gz", hash = "sha256:ca9853ad459e787e2192211578cc907e7594e294c7ccc834310722b41b9ca6de"},
]

[package.dependencies]
colorama = {version = "*", markers = "platform_system == \"Windows\""}

[[package]]
name = "colorama"
version = "0.4.6"
description = "Cross-platform colored terminal text."
optional = false
python-versions = "!=3.0.*,!=3.1.*,!=3.2.*,!=3.3.*,!=3.4.*,!=3.5.*,!=3.6.*,>=2.7"
files = [
    {file = "colorama-0.4.6-py2.py3-none-any.whl", hash = "sha256:4f1d9991f5acc0ca119f9d443620b77f9d6b33703e51011c16baf57afb285fc6"},
    {file = "colorama-0.4.6.tar.gz", hash = "sha256:08695f5cb7ed6e0531a20572697297273c47b8cae5a63ffc6d6ed5c201be6e44"},
]

[[package]]
name = "grpcio"
version = "1.64.1"
description = "HTTP/2-based RPC framework"
optional = false
python-versions = ">=3.8"
files = [
    {file = "grpcio-1.64.1-cp310-cp310-linux_armv7l.whl", hash = "sha256:55697ecec192bc3f2f3cc13a295ab670f51de29884ca9ae6cd6247df55df2502"},
    {file = "grpcio-1.64.1-cp310-cp310-macosx_12_0_universal2.whl", hash = "sha256:3b64ae304c175671efdaa7ec9ae2cc36996b681eb63ca39c464958396697daff"},
    {file = "grpcio-1.64.1-cp310-cp310-manylinux_2_17_aarch64.whl", hash = "sha256:bac71b4b28bc9af61efcdc7630b166440bbfbaa80940c9a697271b5e1dabbc61"},
    {file = "grpcio-1.64.1-cp310-cp310-manylinux_2_17_i686.manylinux2014_i686.whl", hash = "sha256:6c024ffc22d6dc59000faf8ad781696d81e8e38f4078cb0f2630b4a3cf231a90"},
    {file = "grpcio-1.64.1-cp310-cp310-manylinux_2_17_x86_64.manylinux2014_x86_64.whl", hash = "sha256:e7cd5c1325f6808b8ae31657d281aadb2a51ac11ab081ae335f4f7fc44c1721d"},
    {file = "grpcio-1.64.1-cp310-cp310-musllinux_1_1_i686.whl", hash = "sha256:0a2813093ddb27418a4c99f9b1c223fab0b053157176a64cc9db0f4557b69bd9"},
    {file = "grpcio-1.64.1-cp310-cp310-musllinux_1_1_x86_64.whl", hash = "sha256:2981c7365a9353f9b5c864595c510c983251b1ab403e05b1ccc70a3d9541a73b"},
    {file = "grpcio-1.64.1-cp310-cp310-win32.whl", hash = "sha256:1262402af5a511c245c3ae918167eca57342c72320dffae5d9b51840c4b2f86d"},
    {file = "grpcio-1.64.1-cp310-cp310-win_amd64.whl", hash = "sha256:19264fc964576ddb065368cae953f8d0514ecc6cb3da8903766d9fb9d4554c33"},
    {file = "grpcio-1.64.1-cp311-cp311-linux_armv7l.whl", hash = "sha256:58b1041e7c870bb30ee41d3090cbd6f0851f30ae4eb68228955d973d3efa2e61"},
    {file = "grpcio-1.64.1-cp311-cp311-macosx_10_9_universal2.whl", hash = "sha256:bbc5b1d78a7822b0a84c6f8917faa986c1a744e65d762ef6d8be9d75677af2ca"},
    {file = "grpcio-1.64.1-cp311-cp311-manylinux_2_17_aarch64.whl", hash = "sha256:5841dd1f284bd1b3d8a6eca3a7f062b06f1eec09b184397e1d1d43447e89a7ae"},
    {file = "grpcio-1.64.1-cp311-cp311-manylinux_2_17_i686.manylinux2014_i686.whl", hash = "sha256:8caee47e970b92b3dd948371230fcceb80d3f2277b3bf7fbd7c0564e7d39068e"},
    {file = "grpcio-1.64.1-cp311-cp311-manylinux_2_17_x86_64.manylinux2014_x86_64.whl", hash = "sha256:73819689c169417a4f978e562d24f2def2be75739c4bed1992435d007819da1b"},
    {file = "grpcio-1.64.1-cp311-cp311-musllinux_1_1_i686.whl", hash = "sha256:6503b64c8b2dfad299749cad1b595c650c91e5b2c8a1b775380fcf8d2cbba1e9"},
    {file = "grpcio-1.64.1-cp311-cp311-musllinux_1_1_x86_64.whl", hash = "sha256:1de403fc1305fd96cfa75e83be3dee8538f2413a6b1685b8452301c7ba33c294"},
    {file = "grpcio-1.64.1-cp311-cp311-win32.whl", hash = "sha256:d4d29cc612e1332237877dfa7fe687157973aab1d63bd0f84cf06692f04c0367"},
    {file = "grpcio-1.64.1-cp311-cp311-win_amd64.whl", hash = "sha256:5e56462b05a6f860b72f0fa50dca06d5b26543a4e88d0396259a07dc30f4e5aa"},
    {file = "grpcio-1.64.1-cp312-cp312-linux_armv7l.whl", hash = "sha256:4657d24c8063e6095f850b68f2d1ba3b39f2b287a38242dcabc166453e950c59"},
    {file = "grpcio-1.64.1-cp312-cp312-macosx_10_9_universal2.whl", hash = "sha256:62b4e6eb7bf901719fce0ca83e3ed474ae5022bb3827b0a501e056458c51c0a1"},
    {file = "grpcio-1.64.1-cp312-cp312-manylinux_2_17_aarch64.whl", hash = "sha256:ee73a2f5ca4ba44fa33b4d7d2c71e2c8a9e9f78d53f6507ad68e7d2ad5f64a22"},
    {file = "grpcio-1.64.1-cp312-cp312-manylinux_2_17_i686.manylinux2014_i686.whl", hash = "sha256:198908f9b22e2672a998870355e226a725aeab327ac4e6ff3a1399792ece4762"},
    {file = "grpcio-1.64.1-cp312-cp312-manylinux_2_17_x86_64.manylinux2014_x86_64.whl", hash = "sha256:39b9d0acaa8d835a6566c640f48b50054f422d03e77e49716d4c4e8e279665a1"},
    {file = "grpcio-1.64.1-cp312-cp312-musllinux_1_1_i686.whl", hash = "sha256:5e42634a989c3aa6049f132266faf6b949ec2a6f7d302dbb5c15395b77d757eb"},
    {file = "grpcio-1.64.1-cp312-cp312-musllinux_1_1_x86_64.whl", hash = "sha256:b1a82e0b9b3022799c336e1fc0f6210adc019ae84efb7321d668129d28ee1efb"},
    {file = "grpcio-1.64.1-cp312-cp312-win32.whl", hash = "sha256:55260032b95c49bee69a423c2f5365baa9369d2f7d233e933564d8a47b893027"},
    {file = "grpcio-1.64.1-cp312-cp312-win_amd64.whl", hash = "sha256:c1a786ac592b47573a5bb7e35665c08064a5d77ab88a076eec11f8ae86b3e3f6"},
    {file = "grpcio-1.64.1-cp38-cp38-linux_armv7l.whl", hash = "sha256:a011ac6c03cfe162ff2b727bcb530567826cec85eb8d4ad2bfb4bd023287a52d"},
    {file = "grpcio-1.64.1-cp38-cp38-macosx_10_9_universal2.whl", hash = "sha256:4d6dab6124225496010bd22690f2d9bd35c7cbb267b3f14e7a3eb05c911325d4"},
    {file = "grpcio-1.64.1-cp38-cp38-manylinux_2_17_aarch64.whl", hash = "sha256:a5e771d0252e871ce194d0fdcafd13971f1aae0ddacc5f25615030d5df55c3a2"},
    {file = "grpcio-1.64.1-cp38-cp38-manylinux_2_17_i686.manylinux2014_i686.whl", hash = "sha256:2c3c1b90ab93fed424e454e93c0ed0b9d552bdf1b0929712b094f5ecfe7a23ad"},
    {file = "grpcio-1.64.1-cp38-cp38-manylinux_2_17_x86_64.manylinux2014_x86_64.whl", hash = "sha256:20405cb8b13fd779135df23fabadc53b86522d0f1cba8cca0e87968587f50650"},
    {file = "grpcio-1.64.1-cp38-cp38-musllinux_1_1_i686.whl", hash = "sha256:0cc79c982ccb2feec8aad0e8fb0d168bcbca85bc77b080d0d3c5f2f15c24ea8f"},
    {file = "grpcio-1.64.1-cp38-cp38-musllinux_1_1_x86_64.whl", hash = "sha256:a3a035c37ce7565b8f4f35ff683a4db34d24e53dc487e47438e434eb3f701b2a"},
    {file = "grpcio-1.64.1-cp38-cp38-win32.whl", hash = "sha256:1257b76748612aca0f89beec7fa0615727fd6f2a1ad580a9638816a4b2eb18fd"},
    {file = "grpcio-1.64.1-cp38-cp38-win_amd64.whl", hash = "sha256:0a12ddb1678ebc6a84ec6b0487feac020ee2b1659cbe69b80f06dbffdb249122"},
    {file = "grpcio-1.64.1-cp39-cp39-linux_armv7l.whl", hash = "sha256:75dbbf415026d2862192fe1b28d71f209e2fd87079d98470db90bebe57b33179"},
    {file = "grpcio-1.64.1-cp39-cp39-macosx_10_9_universal2.whl", hash = "sha256:e3d9f8d1221baa0ced7ec7322a981e28deb23749c76eeeb3d33e18b72935ab62"},
    {file = "grpcio-1.64.1-cp39-cp39-manylinux_2_17_aarch64.whl", hash = "sha256:5f8b75f64d5d324c565b263c67dbe4f0af595635bbdd93bb1a88189fc62ed2e5"},
    {file = "grpcio-1.64.1-cp39-cp39-manylinux_2_17_i686.manylinux2014_i686.whl", hash = "sha256:c84ad903d0d94311a2b7eea608da163dace97c5fe9412ea311e72c3684925602"},
    {file = "grpcio-1.64.1-cp39-cp39-manylinux_2_17_x86_64.manylinux2014_x86_64.whl", hash = "sha256:940e3ec884520155f68a3b712d045e077d61c520a195d1a5932c531f11883489"},
    {file = "grpcio-1.64.1-cp39-cp39-musllinux_1_1_i686.whl", hash = "sha256:f10193c69fc9d3d726e83bbf0f3d316f1847c3071c8c93d8090cf5f326b14309"},
    {file = "grpcio-1.64.1-cp39-cp39-musllinux_1_1_x86_64.whl", hash = "sha256:ac15b6c2c80a4d1338b04d42a02d376a53395ddf0ec9ab157cbaf44191f3ffdd"},
    {file = "grpcio-1.64.1-cp39-cp39-win32.whl", hash = "sha256:03b43d0ccf99c557ec671c7dede64f023c7da9bb632ac65dbc57f166e4970040"},
    {file = "grpcio-1.64.1-cp39-cp39-win_amd64.whl", hash = "sha256:ed6091fa0adcc7e4ff944090cf203a52da35c37a130efa564ded02b7aff63bcd"},
    {file = "grpcio-1.64.1.tar.gz", hash = "sha256:8d51dd1c59d5fa0f34266b80a3805ec29a1f26425c2a54736133f6d87fc4968a"},
]

[package.extras]
protobuf = ["grpcio-tools (>=1.64.1)"]

[[package]]
name = "grpcio-tools"
version = "1.64.1"
description = "Protobuf code generator for gRPC"
optional = false
python-versions = ">=3.8"
files = [
    {file = "grpcio_tools-1.64.1-cp310-cp310-linux_armv7l.whl", hash = "sha256:6c8181318e3a21827c2f834fd0505040aa8f24fb568a154ff1c95c9802c0e3f5"},
    {file = "grpcio_tools-1.64.1-cp310-cp310-macosx_12_0_universal2.whl", hash = "sha256:24340327f7fb85f7406910c9484f98dd9588bdf639578b9341920d67f64306a0"},
    {file = "grpcio_tools-1.64.1-cp310-cp310-manylinux_2_17_aarch64.whl", hash = "sha256:646828eec31218e1314b04d7c62c78534d3478cae6348909b6a39ee880a757b2"},
    {file = "grpcio_tools-1.64.1-cp310-cp310-manylinux_2_17_i686.manylinux2014_i686.whl", hash = "sha256:1f467bd03d70de23e7d68d3465fd9bfd5167d15168a569edacee730b4ec105bf"},
    {file = "grpcio_tools-1.64.1-cp310-cp310-manylinux_2_17_x86_64.manylinux2014_x86_64.whl", hash = "sha256:a29163cbc6ecaf6f853711420ddab7e35f24d9ee014a5e35b0a6b31c328d1c63"},
    {file = "grpcio_tools-1.64.1-cp310-cp310-musllinux_1_1_i686.whl", hash = "sha256:759982ba0f942995bf170386559679b9d9f3b00caf103f346f3c33b8703c3057"},
    {file = "grpcio_tools-1.64.1-cp310-cp310-musllinux_1_1_x86_64.whl", hash = "sha256:1c0db41e812e1741b59844c71c8dfc8c3076eb4472b4c30165aefacf609c81bf"},
    {file = "grpcio_tools-1.64.1-cp310-cp310-win32.whl", hash = "sha256:a5208855046a338c5663ca39f59fb167e24514f1287c266db42fbf2057373aa0"},
    {file = "grpcio_tools-1.64.1-cp310-cp310-win_amd64.whl", hash = "sha256:a808aaa308e26fc5026b15008aec45bea8aa2f2662989cbaffa300601ac98fae"},
    {file = "grpcio_tools-1.64.1-cp311-cp311-linux_armv7l.whl", hash = "sha256:23e6c847647e338b6ed139c7d10ed783dbb37d8ce078ce9ab0a3f7e6a518ff4e"},
    {file = "grpcio_tools-1.64.1-cp311-cp311-macosx_10_9_universal2.whl", hash = "sha256:0a72a2d87529329117fca6493d948489f1963e3f645d27a785a27b54b05c38cb"},
    {file = "grpcio_tools-1.64.1-cp311-cp311-manylinux_2_17_aarch64.whl", hash = "sha256:5532fbac9e1229d3290a512d4253bd311ed742d3b77d634ce7240e97b4af32ac"},
    {file = "grpcio_tools-1.64.1-cp311-cp311-manylinux_2_17_i686.manylinux2014_i686.whl", hash = "sha256:4a75c8f13762dc323b38e8dc7186d80a61c0d1321062850e3056221a4db779a4"},
    {file = "grpcio_tools-1.64.1-cp311-cp311-manylinux_2_17_x86_64.manylinux2014_x86_64.whl", hash = "sha256:a653002b287accf79b0924bb1a76b33ea83774be57cef14e6ec383a965999ad5"},
    {file = "grpcio_tools-1.64.1-cp311-cp311-musllinux_1_1_i686.whl", hash = "sha256:0d3572b62453342f4164cb245c434053c6991ee7bf883eb94f15e45f3121967b"},
    {file = "grpcio_tools-1.64.1-cp311-cp311-musllinux_1_1_x86_64.whl", hash = "sha256:e8ffaa1972e64d968a706c954f6614e718abd10068b107727028ffb9506503d2"},
    {file = "grpcio_tools-1.64.1-cp311-cp311-win32.whl", hash = "sha256:cf3fbad6312bb61f48eab8ae5d2b31dcb007653282d5901982e17111773104e1"},
    {file = "grpcio_tools-1.64.1-cp311-cp311-win_amd64.whl", hash = "sha256:fd4a596ec2b34c8a6b15c6581ef7ea91c9b85f68099004da656db79e5a2b7a8c"},
    {file = "grpcio_tools-1.64.1-cp312-cp312-linux_armv7l.whl", hash = "sha256:acf9a8bce188bb760c138327a89f64be8bbeb062634d151c77bbcd138d60bdc6"},
    {file = "grpcio_tools-1.64.1-cp312-cp312-macosx_10_9_universal2.whl", hash = "sha256:8c7d0633b1177fafaeb76e9b0c7b8b14221eb1086874a79925879b298843f8a0"},
    {file = "grpcio_tools-1.64.1-cp312-cp312-manylinux_2_17_aarch64.whl", hash = "sha256:35efe38dd8cc5e05f44e67bcc2ae40f461862549b5d2590c1b644c5d4d93c390"},
    {file = "grpcio_tools-1.64.1-cp312-cp312-manylinux_2_17_i686.manylinux2014_i686.whl", hash = "sha256:e28cfaede2a243452252c94b72378f1d939b786689cb11d218fdae6a8421940f"},
    {file = "grpcio_tools-1.64.1-cp312-cp312-manylinux_2_17_x86_64.manylinux2014_x86_64.whl", hash = "sha256:6711f3e3fbfae9313e15f9abc47241d881772f3fb4e4d0257918bff24363139e"},
    {file = "grpcio_tools-1.64.1-cp312-cp312-musllinux_1_1_i686.whl", hash = "sha256:be39db97d13f3bd0b2ff9bf8d0e68f590f4877cf2c4db201a2f9d4d39724e137"},
    {file = "grpcio_tools-1.64.1-cp312-cp312-musllinux_1_1_x86_64.whl", hash = "sha256:22efb9a167da6fd051c76f1a00c4275b5d15e8b7842364c84dc4cc88def8fd4c"},
    {file = "grpcio_tools-1.64.1-cp312-cp312-win32.whl", hash = "sha256:d9a470f9e72bccc8994b025fa40cb1a7202db17a5f8e1869f4c2079ded869ac2"},
    {file = "grpcio_tools-1.64.1-cp312-cp312-win_amd64.whl", hash = "sha256:5ecfecf1da38fa9f0f95dd5f3314c04974be5af40264c520fbc1a9f4f5b1acca"},
    {file = "grpcio_tools-1.64.1-cp38-cp38-linux_armv7l.whl", hash = "sha256:9d3fd5f43503ac594872ad4deb80c08353a3d73c9304afe0226bcb077d5dacca"},
    {file = "grpcio_tools-1.64.1-cp38-cp38-macosx_10_9_universal2.whl", hash = "sha256:c8cb5567cd5836b29d37ea12c8ccb753a19712ec459c4dbc05c084ca57b84b3b"},
    {file = "grpcio_tools-1.64.1-cp38-cp38-manylinux_2_17_aarch64.whl", hash = "sha256:d0f42307f951851894a1ddcbed2e2403fdb0ac0920bbb4ec5c80a2959a1d328d"},
    {file = "grpcio_tools-1.64.1-cp38-cp38-manylinux_2_17_i686.manylinux2014_i686.whl", hash = "sha256:a078af44be25363f55cbedc33c560513f2b2928a0594c8069da0bc65917ef1a1"},
    {file = "grpcio_tools-1.64.1-cp38-cp38-manylinux_2_17_x86_64.manylinux2014_x86_64.whl", hash = "sha256:58eee15287eb54d1ba27d4e73fcd7e7a9f819e529a74dabc9cf3933fbe3bef07"},
    {file = "grpcio_tools-1.64.1-cp38-cp38-musllinux_1_1_i686.whl", hash = "sha256:b740e136a12a992c3c75dafe12d96c65e9249daa71e6b75f17aac5459c64f165"},
    {file = "grpcio_tools-1.64.1-cp38-cp38-musllinux_1_1_x86_64.whl", hash = "sha256:625cc1493d4672af90d23f9909bbc0c4041cfa9fa21f9228abe433f5ad9b356f"},
    {file = "grpcio_tools-1.64.1-cp38-cp38-win32.whl", hash = "sha256:85808e3c020d6e08975be00521ec8841885740ffd84a48375305fe7198d8b9e5"},
    {file = "grpcio_tools-1.64.1-cp38-cp38-win_amd64.whl", hash = "sha256:37664461c8da4777c78772f79914ddd59914a4c1dc0bdd11ba86b569477a9d25"},
    {file = "grpcio_tools-1.64.1-cp39-cp39-linux_armv7l.whl", hash = "sha256:ff9b631788573bfbecfe8cb647d484dfac9cfbad4a7bb640a9e5dcfb24a1b3c5"},
    {file = "grpcio_tools-1.64.1-cp39-cp39-macosx_10_9_universal2.whl", hash = "sha256:7e67903fba7b122cad7e41b1347c71f2d8e484f51f5c91cacc52249b4ab274bf"},
    {file = "grpcio_tools-1.64.1-cp39-cp39-manylinux_2_17_aarch64.whl", hash = "sha256:6cef267289e3a1257ef79c399a4a244a2b508c4f8d28faf9b061983187b8c2ff"},
    {file = "grpcio_tools-1.64.1-cp39-cp39-manylinux_2_17_i686.manylinux2014_i686.whl", hash = "sha256:23eef1138065edf360ed649381cf1d9c9123b3a8c003a4b28bf0c4a5b025087a"},
    {file = "grpcio_tools-1.64.1-cp39-cp39-manylinux_2_17_x86_64.manylinux2014_x86_64.whl", hash = "sha256:ba0758d779bc2134219c9ee392d7d30a7ff7f788fd68bf4f56bb4a0213e5d2e4"},
    {file = "grpcio_tools-1.64.1-cp39-cp39-musllinux_1_1_i686.whl", hash = "sha256:a8fb6a4438ef1ce619bd6695799b0a06c049a0be3e10ecf0b5fc5d72929a9f02"},
    {file = "grpcio_tools-1.64.1-cp39-cp39-musllinux_1_1_x86_64.whl", hash = "sha256:3cc3036589e416cf8516802d3e6c37fd7de1b6c4defc292a1859848515c67ab5"},
    {file = "grpcio_tools-1.64.1-cp39-cp39-win32.whl", hash = "sha256:59db889e5f698e00ea65032d3fddbfdbec72b22b285a57c167fb7a48bce2ca27"},
    {file = "grpcio_tools-1.64.1-cp39-cp39-win_amd64.whl", hash = "sha256:984ed040f13efcede72c4dfb298274df3877573ca305f51f5cb24249463d6a77"},
    {file = "grpcio_tools-1.64.1.tar.gz", hash = "sha256:72b3550b91adb8354656ecf0f6d1d4611299044bae11fb1e7cc1d1bb66b8c1eb"},
]

[package.dependencies]
grpcio = ">=1.64.1"
protobuf = ">=5.26.1,<6.0dev"
setuptools = "*"

[[package]]
name = "overrides"
version = "7.7.0"
description = "A decorator to automatically detect mismatch when overriding a method."
optional = false
python-versions = ">=3.6"
files = [
    {file = "overrides-7.7.0-py3-none-any.whl", hash = "sha256:c7ed9d062f78b8e4c1a7b70bd8796b35ead4d9f510227ef9c5dc7626c60d7e49"},
    {file = "overrides-7.7.0.tar.gz", hash = "sha256:55158fa3d93b98cc75299b1e67078ad9003ca27945c76162c1c0766d6f91820a"},
]

[[package]]
name = "protobuf"
version = "5.27.1"
description = ""
optional = false
python-versions = ">=3.8"
files = [
    {file = "protobuf-5.27.1-cp310-abi3-win32.whl", hash = "sha256:3adc15ec0ff35c5b2d0992f9345b04a540c1e73bfee3ff1643db43cc1d734333"},
    {file = "protobuf-5.27.1-cp310-abi3-win_amd64.whl", hash = "sha256:25236b69ab4ce1bec413fd4b68a15ef8141794427e0b4dc173e9d5d9dffc3bcd"},
    {file = "protobuf-5.27.1-cp38-abi3-macosx_10_9_universal2.whl", hash = "sha256:4e38fc29d7df32e01a41cf118b5a968b1efd46b9c41ff515234e794011c78b17"},
    {file = "protobuf-5.27.1-cp38-abi3-manylinux2014_aarch64.whl", hash = "sha256:917ed03c3eb8a2d51c3496359f5b53b4e4b7e40edfbdd3d3f34336e0eef6825a"},
    {file = "protobuf-5.27.1-cp38-abi3-manylinux2014_x86_64.whl", hash = "sha256:ee52874a9e69a30271649be88ecbe69d374232e8fd0b4e4b0aaaa87f429f1631"},
    {file = "protobuf-5.27.1-cp38-cp38-win32.whl", hash = "sha256:7a97b9c5aed86b9ca289eb5148df6c208ab5bb6906930590961e08f097258107"},
    {file = "protobuf-5.27.1-cp38-cp38-win_amd64.whl", hash = "sha256:f6abd0f69968792da7460d3c2cfa7d94fd74e1c21df321eb6345b963f9ec3d8d"},
    {file = "protobuf-5.27.1-cp39-cp39-win32.whl", hash = "sha256:dfddb7537f789002cc4eb00752c92e67885badcc7005566f2c5de9d969d3282d"},
    {file = "protobuf-5.27.1-cp39-cp39-win_amd64.whl", hash = "sha256:39309898b912ca6febb0084ea912e976482834f401be35840a008da12d189340"},
    {file = "protobuf-5.27.1-py3-none-any.whl", hash = "sha256:4ac7249a1530a2ed50e24201d6630125ced04b30619262f06224616e0030b6cf"},
    {file = "protobuf-5.27.1.tar.gz", hash = "sha256:df5e5b8e39b7d1c25b186ffdf9f44f40f810bbcc9d2b71d9d3156fee5a9adf15"},
]

[[package]]
name = "robotframework"
version = "7.0.1"
description = "Generic automation framework for acceptance testing and robotic process automation (RPA)"
optional = false
python-versions = ">=3.8"
files = [
    {file = "robotframework-7.0.1-py3-none-any.whl", hash = "sha256:7f4691492311f10e3be69d8ca2f2cae6b6490030d59683d23cd7909088c286d8"},
    {file = "robotframework-7.0.1.zip", hash = "sha256:58d01b84cd7eccea69f2dbe13cbcbff1299e551168d3b88c25617b0c9d6ddc75"},
]

[[package]]
name = "robotframework-assertion-engine"
version = "3.0.3"
description = "Generic way to create meaningful and easy to use assertions for the Robot Framework libraries."
optional = false
python-versions = ">=3.8.1,<4.0"
files = [
    {file = "robotframework_assertion_engine-3.0.3-py3-none-any.whl", hash = "sha256:3cd8962744ea4f307feadd596266c1d563e87b586ed61803c9445295ab15a0cd"},
    {file = "robotframework_assertion_engine-3.0.3.tar.gz", hash = "sha256:1c608d4c69d96520986a1ddc6def0fc7f7e849520f1e6882a633b51dbb98fd88"},
]

[package.dependencies]
robotframework = ">=5.0.1"
robotframework-pythonlibcore = ">=3.0.0,<5.0.0"

[[package]]
name = "robotframework-browser"
version = "18.6.3"
description = "Robot Framework Browser library powered by Playwright. Aiming for speed, reliability and visibility."
optional = false
python-versions = "<4.0,>=3.8"
files = [
    {file = "robotframework-browser-18.6.3.tar.gz", hash = "sha256:f0911242454c159946370b000caaaeee4e3dc3ec8b7723c537b33186102198fd"},
    {file = "robotframework_browser-18.6.3-py3-none-any.whl", hash = "sha256:8d2bc59c5efb31129a4a345d8c1e9e87724a97d95d7338d4b572cca6476d20cb"},
]

[package.dependencies]
click = ">=8.1.7"
grpcio = "1.64.1"
grpcio-tools = "1.64.1"
overrides = ">=7.3.1"
protobuf = "5.27.1"
robotframework = ">=5.0.1,<8.0.0"
robotframework-assertion-engine = ">=3.0.3,<4.0.0"
robotframework-pythonlibcore = ">=4.4.1,<5.0.0"
typing-extensions = ">=4.5.0"
wrapt = ">=1.15.0"

[package.extras]
tidy = ["robotframework-tidy (>=4.9.0)"]

[[package]]
name = "robotframework-pythonlibcore"
version = "4.4.1"
description = "Tools to ease creating larger test libraries for Robot Framework using Python."
optional = false
python-versions = "<4,>=3.8"
files = [
    {file = "robotframework-pythonlibcore-4.4.1.tar.gz", hash = "sha256:2d695b2ea906f5815179643e29182466675e682d82c5fa9d1009edfae2f84b16"},
    {file = "robotframework_pythonlibcore-4.4.1-py2.py3-none-any.whl", hash = "sha256:e0517129522aaa039eb2a28fd3d9720b7a0be0b90d0cbcb153a6c8016bb9e973"},
]

[[package]]
name = "setuptools"
version = "71.1.0"
description = "Easily download, build, install, upgrade, and uninstall Python packages"
optional = false
python-versions = ">=3.8"
files = [
    {file = "setuptools-71.1.0-py3-none-any.whl", hash = "sha256:33874fdc59b3188304b2e7c80d9029097ea31627180896fb549c578ceb8a0855"},
    {file = "setuptools-71.1.0.tar.gz", hash = "sha256:032d42ee9fb536e33087fb66cac5f840eb9391ed05637b3f2a76a7c8fb477936"},
]

[package.extras]
core = ["importlib-metadata (>=6)", "importlib-resources (>=5.10.2)", "jaraco.text (>=3.7)", "more-itertools (>=8.8)", "ordered-set (>=3.1.1)", "packaging (>=24)", "platformdirs (>=2.6.2)", "tomli (>=2.0.1)", "wheel (>=0.43.0)"]
doc = ["furo", "jaraco.packaging (>=9.3)", "jaraco.tidelift (>=1.4)", "pygments-github-lexers (==0.0.5)", "pyproject-hooks (!=1.1)", "rst.linker (>=1.9)", "sphinx (>=3.5)", "sphinx-favicon", "sphinx-inline-tabs", "sphinx-lint", "sphinx-notfound-page (>=1,<2)", "sphinx-reredirects", "sphinxcontrib-towncrier"]
test = ["build[virtualenv] (>=1.0.3)", "filelock (>=3.4.0)", "importlib-metadata", "ini2toml[lite] (>=0.14)", "jaraco.develop (>=7.21)", "jaraco.envs (>=2.2)", "jaraco.path (>=3.2.0)", "jaraco.test", "mypy (==1.11.*)", "packaging (>=23.2)", "pip (>=19.1)", "pyproject-hooks (!=1.1)", "pytest (>=6,!=8.1.*)", "pytest-checkdocs (>=2.4)", "pytest-cov", "pytest-enabler (>=2.2)", "pytest-home (>=0.5)", "pytest-mypy", "pytest-perf", "pytest-ruff (<0.4)", "pytest-ruff (>=0.2.1)", "pytest-ruff (>=0.3.2)", "pytest-subprocess", "pytest-timeout", "pytest-xdist (>=3)", "tomli", "tomli-w (>=1.0.0)", "virtualenv (>=13.0.0)", "wheel"]

[[package]]
name = "typing-extensions"
version = "4.12.2"
description = "Backported and Experimental Type Hints for Python 3.8+"
optional = false
python-versions = ">=3.8"
files = [
    {file = "typing_extensions-4.12.2-py3-none-any.whl", hash = "sha256:04e5ca0351e0f3f85c6853954072df659d0d13fac324d0072316b67d7794700d"},
    {file = "typing_extensions-4.12.2.tar.gz", hash = "sha256:1a7ead55c7e559dd4dee8856e3a88b41225abfe1ce8df57b7c13915fe121ffb8"},
]

[[package]]
name = "wrapt"
version = "1.16.0"
description = "Module for decorators, wrappers and monkey patching."
optional = false
python-versions = ">=3.6"
files = [
    {file = "wrapt-1.16.0-cp310-cp310-macosx_10_9_x86_64.whl", hash = "sha256:ffa565331890b90056c01db69c0fe634a776f8019c143a5ae265f9c6bc4bd6d4"},
    {file = "wrapt-1.16.0-cp310-cp310-macosx_11_0_arm64.whl", hash = "sha256:e4fdb9275308292e880dcbeb12546df7f3e0f96c6b41197e0cf37d2826359020"},
    {file = "wrapt-1.16.0-cp310-cp310-manylinux_2_17_aarch64.manylinux2014_aarch64.whl", hash = "sha256:bb2dee3874a500de01c93d5c71415fcaef1d858370d405824783e7a8ef5db440"},
    {file = "wrapt-1.16.0-cp310-cp310-manylinux_2_5_i686.manylinux1_i686.manylinux_2_17_i686.manylinux2014_i686.whl", hash = "sha256:2a88e6010048489cda82b1326889ec075a8c856c2e6a256072b28eaee3ccf487"},
    {file = "wrapt-1.16.0-cp310-cp310-manylinux_2_5_x86_64.manylinux1_x86_64.manylinux_2_17_x86_64.manylinux2014_x86_64.whl", hash = "sha256:ac83a914ebaf589b69f7d0a1277602ff494e21f4c2f743313414378f8f50a4cf"},
    {file = "wrapt-1.16.0-cp310-cp310-musllinux_1_1_aarch64.whl", hash = "sha256:73aa7d98215d39b8455f103de64391cb79dfcad601701a3aa0dddacf74911d72"},
    {file = "wrapt-1.16.0-cp310-cp310-musllinux_1_1_i686.whl", hash = "sha256:807cc8543a477ab7422f1120a217054f958a66ef7314f76dd9e77d3f02cdccd0"},
    {file = "wrapt-1.16.0-cp310-cp310-musllinux_1_1_x86_64.whl", hash = "sha256:bf5703fdeb350e36885f2875d853ce13172ae281c56e509f4e6eca049bdfb136"},
    {file = "wrapt-1.16.0-cp310-cp310-win32.whl", hash = "sha256:f6b2d0c6703c988d334f297aa5df18c45e97b0af3679bb75059e0e0bd8b1069d"},
    {file = "wrapt-1.16.0-cp310-cp310-win_amd64.whl", hash = "sha256:decbfa2f618fa8ed81c95ee18a387ff973143c656ef800c9f24fb7e9c16054e2"},
    {file = "wrapt-1.16.0-cp311-cp311-macosx_10_9_x86_64.whl", hash = "sha256:1a5db485fe2de4403f13fafdc231b0dbae5eca4359232d2efc79025527375b09"},
    {file = "wrapt-1.16.0-cp311-cp311-macosx_11_0_arm64.whl", hash = "sha256:75ea7d0ee2a15733684badb16de6794894ed9c55aa5e9903260922f0482e687d"},
    {file = "wrapt-1.16.0-cp311-cp311-manylinux_2_17_aarch64.manylinux2014_aarch64.whl", hash = "sha256:a452f9ca3e3267cd4d0fcf2edd0d035b1934ac2bd7e0e57ac91ad6b95c0c6389"},
    {file = "wrapt-1.16.0-cp311-cp311-manylinux_2_5_i686.manylinux1_i686.manylinux_2_17_i686.manylinux2014_i686.whl", hash = "sha256:43aa59eadec7890d9958748db829df269f0368521ba6dc68cc172d5d03ed8060"},
    {file = "wrapt-1.16.0-cp311-cp311-manylinux_2_5_x86_64.manylinux1_x86_64.manylinux_2_17_x86_64.manylinux2014_x86_64.whl", hash = "sha256:72554a23c78a8e7aa02abbd699d129eead8b147a23c56e08d08dfc29cfdddca1"},
    {file = "wrapt-1.16.0-cp311-cp311-musllinux_1_1_aarch64.whl", hash = "sha256:d2efee35b4b0a347e0d99d28e884dfd82797852d62fcd7ebdeee26f3ceb72cf3"},
    {file = "wrapt-1.16.0-cp311-cp311-musllinux_1_1_i686.whl", hash = "sha256:6dcfcffe73710be01d90cae08c3e548d90932d37b39ef83969ae135d36ef3956"},
    {file = "wrapt-1.16.0-cp311-cp311-musllinux_1_1_x86_64.whl", hash = "sha256:eb6e651000a19c96f452c85132811d25e9264d836951022d6e81df2fff38337d"},
    {file = "wrapt-1.16.0-cp311-cp311-win32.whl", hash = "sha256:66027d667efe95cc4fa945af59f92c5a02c6f5bb6012bff9e60542c74c75c362"},
    {file = "wrapt-1.16.0-cp311-cp311-win_amd64.whl", hash = "sha256:aefbc4cb0a54f91af643660a0a150ce2c090d3652cf4052a5397fb2de549cd89"},
    {file = "wrapt-1.16.0-cp312-cp312-macosx_10_9_x86_64.whl", hash = "sha256:5eb404d89131ec9b4f748fa5cfb5346802e5ee8836f57d516576e61f304f3b7b"},
    {file = "wrapt-1.16.0-cp312-cp312-macosx_11_0_arm64.whl", hash = "sha256:9090c9e676d5236a6948330e83cb89969f433b1943a558968f659ead07cb3b36"},
    {file = "wrapt-1.16.0-cp312-cp312-manylinux_2_17_aarch64.manylinux2014_aarch64.whl", hash = "sha256:94265b00870aa407bd0cbcfd536f17ecde43b94fb8d228560a1e9d3041462d73"},
    {file = "wrapt-1.16.0-cp312-cp312-manylinux_2_5_i686.manylinux1_i686.manylinux_2_17_i686.manylinux2014_i686.whl", hash = "sha256:f2058f813d4f2b5e3a9eb2eb3faf8f1d99b81c3e51aeda4b168406443e8ba809"},
    {file = "wrapt-1.16.0-cp312-cp312-manylinux_2_5_x86_64.manylinux1_x86_64.manylinux_2_17_x86_64.manylinux2014_x86_64.whl", hash = "sha256:98b5e1f498a8ca1858a1cdbffb023bfd954da4e3fa2c0cb5853d40014557248b"},
    {file = "wrapt-1.16.0-cp312-cp312-musllinux_1_1_aarch64.whl", hash = "sha256:14d7dc606219cdd7405133c713f2c218d4252f2a469003f8c46bb92d5d095d81"},
    {file = "wrapt-1.16.0-cp312-cp312-musllinux_1_1_i686.whl", hash = "sha256:49aac49dc4782cb04f58986e81ea0b4768e4ff197b57324dcbd7699c5dfb40b9"},
    {file = "wrapt-1.16.0-cp312-cp312-musllinux_1_1_x86_64.whl", hash = "sha256:418abb18146475c310d7a6dc71143d6f7adec5b004ac9ce08dc7a34e2babdc5c"},
    {file = "wrapt-1.16.0-cp312-cp312-win32.whl", hash = "sha256:685f568fa5e627e93f3b52fda002c7ed2fa1800b50ce51f6ed1d572d8ab3e7fc"},
    {file = "wrapt-1.16.0-cp312-cp312-win_amd64.whl", hash = "sha256:dcdba5c86e368442528f7060039eda390cc4091bfd1dca41e8046af7c910dda8"},
    {file = "wrapt-1.16.0-cp36-cp36m-macosx_10_9_x86_64.whl", hash = "sha256:d462f28826f4657968ae51d2181a074dfe03c200d6131690b7d65d55b0f360f8"},
    {file = "wrapt-1.16.0-cp36-cp36m-manylinux_2_17_aarch64.manylinux2014_aarch64.whl", hash = "sha256:a33a747400b94b6d6b8a165e4480264a64a78c8a4c734b62136062e9a248dd39"},
    {file = "wrapt-1.16.0-cp36-cp36m-manylinux_2_5_i686.manylinux1_i686.manylinux_2_17_i686.manylinux2014_i686.whl", hash = "sha256:b3646eefa23daeba62643a58aac816945cadc0afaf21800a1421eeba5f6cfb9c"},
    {file = "wrapt-1.16.0-cp36-cp36m-manylinux_2_5_x86_64.manylinux1_x86_64.manylinux_2_17_x86_64.manylinux2014_x86_64.whl", hash = "sha256:3ebf019be5c09d400cf7b024aa52b1f3aeebeff51550d007e92c3c1c4afc2a40"},
    {file = "wrapt-1.16.0-cp36-cp36m-musllinux_1_1_aarch64.whl", hash = "sha256:0d2691979e93d06a95a26257adb7bfd0c93818e89b1406f5a28f36e0d8c1e1fc"},
    {file = "wrapt-1.16.0-cp36-cp36m-musllinux_1_1_i686.whl", hash = "sha256:1acd723ee2a8826f3d53910255643e33673e1d11db84ce5880675954183ec47e"},
    {file = "wrapt-1.16.0-cp36-cp36m-musllinux_1_1_x86_64.whl", hash = "sha256:bc57efac2da352a51cc4658878a68d2b1b67dbe9d33c36cb826ca449d80a8465"},
    {file = "wrapt-1.16.0-cp36-cp36m-win32.whl", hash = "sha256:da4813f751142436b075ed7aa012a8778aa43a99f7b36afe9b742d3ed8bdc95e"},
    {file = "wrapt-1.16.0-cp36-cp36m-win_amd64.whl", hash = "sha256:6f6eac2360f2d543cc875a0e5efd413b6cbd483cb3ad7ebf888884a6e0d2e966"},
    {file = "wrapt-1.16.0-cp37-cp37m-macosx_10_9_x86_64.whl", hash = "sha256:a0ea261ce52b5952bf669684a251a66df239ec6d441ccb59ec7afa882265d593"},
    {file = "wrapt-1.16.0-cp37-cp37m-manylinux_2_17_aarch64.manylinux2014_aarch64.whl", hash = "sha256:7bd2d7ff69a2cac767fbf7a2b206add2e9a210e57947dd7ce03e25d03d2de292"},
    {file = "wrapt-1.16.0-cp37-cp37m-manylinux_2_5_i686.manylinux1_i686.manylinux_2_17_i686.manylinux2014_i686.whl", hash = "sha256:9159485323798c8dc530a224bd3ffcf76659319ccc7bbd52e01e73bd0241a0c5"},
    {file = "wrapt-1.16.0-cp37-cp37m-manylinux_2_5_x86_64.manylinux1_x86_64.manylinux_2_17_x86_64.manylinux2014_x86_64.whl", hash = "sha256:a86373cf37cd7764f2201b76496aba58a52e76dedfaa698ef9e9688bfd9e41cf"},
    {file = "wrapt-1.16.0-cp37-cp37m-musllinux_1_1_aarch64.whl", hash = "sha256:73870c364c11f03ed072dda68ff7aea6d2a3a5c3fe250d917a429c7432e15228"},
    {file = "wrapt-1.16.0-cp37-cp37m-musllinux_1_1_i686.whl", hash = "sha256:b935ae30c6e7400022b50f8d359c03ed233d45b725cfdd299462f41ee5ffba6f"},
    {file = "wrapt-1.16.0-cp37-cp37m-musllinux_1_1_x86_64.whl", hash = "sha256:db98ad84a55eb09b3c32a96c576476777e87c520a34e2519d3e59c44710c002c"},
    {file = "wrapt-1.16.0-cp37-cp37m-win32.whl", hash = "sha256:9153ed35fc5e4fa3b2fe97bddaa7cbec0ed22412b85bcdaf54aeba92ea37428c"},
    {file = "wrapt-1.16.0-cp37-cp37m-win_amd64.whl", hash = "sha256:66dfbaa7cfa3eb707bbfcd46dab2bc6207b005cbc9caa2199bcbc81d95071a00"},
    {file = "wrapt-1.16.0-cp38-cp38-macosx_10_9_x86_64.whl", hash = "sha256:1dd50a2696ff89f57bd8847647a1c363b687d3d796dc30d4dd4a9d1689a706f0"},
    {file = "wrapt-1.16.0-cp38-cp38-macosx_11_0_arm64.whl", hash = "sha256:44a2754372e32ab315734c6c73b24351d06e77ffff6ae27d2ecf14cf3d229202"},
    {file = "wrapt-1.16.0-cp38-cp38-manylinux_2_17_aarch64.manylinux2014_aarch64.whl", hash = "sha256:8e9723528b9f787dc59168369e42ae1c3b0d3fadb2f1a71de14531d321ee05b0"},
    {file = "wrapt-1.16.0-cp38-cp38-manylinux_2_5_i686.manylinux1_i686.manylinux_2_17_i686.manylinux2014_i686.whl", hash = "sha256:dbed418ba5c3dce92619656802cc5355cb679e58d0d89b50f116e4a9d5a9603e"},
    {file = "wrapt-1.16.0-cp38-cp38-manylinux_2_5_x86_64.manylinux1_x86_64.manylinux_2_17_x86_64.manylinux2014_x86_64.whl", hash = "sha256:941988b89b4fd6b41c3f0bfb20e92bd23746579736b7343283297c4c8cbae68f"},
    {file = "wrapt-1.16.0-cp38-cp38-musllinux_1_1_aarch64.whl", hash = "sha256:6a42cd0cfa8ffc1915aef79cb4284f6383d8a3e9dcca70c445dcfdd639d51267"},
    {file = "wrapt-1.16.0-cp38-cp38-musllinux_1_1_i686.whl", hash = "sha256:1ca9b6085e4f866bd584fb135a041bfc32cab916e69f714a7d1d397f8c4891ca"},
    {file = "wrapt-1.16.0-cp38-cp38-musllinux_1_1_x86_64.whl", hash = "sha256:d5e49454f19ef621089e204f862388d29e6e8d8b162efce05208913dde5b9ad6"},
    {file = "wrapt-1.16.0-cp38-cp38-win32.whl", hash = "sha256:c31f72b1b6624c9d863fc095da460802f43a7c6868c5dda140f51da24fd47d7b"},
    {file = "wrapt-1.16.0-cp38-cp38-win_amd64.whl", hash = "sha256:490b0ee15c1a55be9c1bd8609b8cecd60e325f0575fc98f50058eae366e01f41"},
    {file = "wrapt-1.16.0-cp39-cp39-macosx_10_9_x86_64.whl", hash = "sha256:9b201ae332c3637a42f02d1045e1d0cccfdc41f1f2f801dafbaa7e9b4797bfc2"},
    {file = "wrapt-1.16.0-cp39-cp39-macosx_11_0_arm64.whl", hash = "sha256:2076fad65c6736184e77d7d4729b63a6d1ae0b70da4868adeec40989858eb3fb"},
    {file = "wrapt-1.16.0-cp39-cp39-manylinux_2_17_aarch64.manylinux2014_aarch64.whl", hash = "sha256:c5cd603b575ebceca7da5a3a251e69561bec509e0b46e4993e1cac402b7247b8"},
    {file = "wrapt-1.16.0-cp39-cp39-manylinux_2_5_i686.manylinux1_i686.manylinux_2_17_i686.manylinux2014_i686.whl", hash = "sha256:b47cfad9e9bbbed2339081f4e346c93ecd7ab504299403320bf85f7f85c7d46c"},
    {file = "wrapt-1.16.0-cp39-cp39-manylinux_2_5_x86_64.manylinux1_x86_64.manylinux_2_17_x86_64.manylinux2014_x86_64.whl", hash = "sha256:f8212564d49c50eb4565e502814f694e240c55551a5f1bc841d4fcaabb0a9b8a"},
    {file = "wrapt-1.16.0-cp39-cp39-musllinux_1_1_aarch64.whl", hash = "sha256:5f15814a33e42b04e3de432e573aa557f9f0f56458745c2074952f564c50e664"},
    {file = "wrapt-1.16.0-cp39-cp39-musllinux_1_1_i686.whl", hash = "sha256:db2e408d983b0e61e238cf579c09ef7020560441906ca990fe8412153e3b291f"},
    {file = "wrapt-1.16.0-cp39-cp39-musllinux_1_1_x86_64.whl", hash = "sha256:edfad1d29c73f9b863ebe7082ae9321374ccb10879eeabc84ba3b69f2579d537"},
    {file = "wrapt-1.16.0-cp39-cp39-win32.whl", hash = "sha256:ed867c42c268f876097248e05b6117a65bcd1e63b779e916fe2e33cd6fd0d3c3"},
    {file = "wrapt-1.16.0-cp39-cp39-win_amd64.whl", hash = "sha256:eb1b046be06b0fce7249f1d025cd359b4b80fc1c3e24ad9eca33e0dcdb2e4a35"},
    {file = "wrapt-1.16.0-py3-none-any.whl", hash = "sha256:6906c4100a8fcbf2fa735f6059214bb13b97f75b1a61777fcf6432121ef12ef1"},
    {file = "wrapt-1.16.0.tar.gz", hash = "sha256:5f370f952971e7d17c7d1ead40e49f32345a7f7a5373571ef44d800d06b1899d"},
]

[metadata]
lock-version = "2.0"
python-versions = "^3.12"
content-hash = "3788ba8f8dd51031dc1b1894bafa4746c3b3ba8fcd6f0f7b944b7f74797c4721"
